
Microsoft Visual Studio Solution File, Format Version 12.00
# Visual Studio 15
Project("{FAE04EC0-301F-11D3-BF4B-00C04F79EFBC}") = "NetMiniZ", "NetMiniZ\NetMiniZ.csproj", "{2ADBF037-6AE0-4C96-A72D-C584297A2ED1}"
EndProject
Project("{FAE04EC0-301F-11D3-BF4B-00C04F79EFBC}") = "NetMiniZ.Tests", "NetMiniZ.Tests\NetMiniZ.Tests.csproj", "{AA3D6003-23B3-43E0-A17B-9C6A112719E8}"
EndProject
Global
	GlobalSection(SolutionConfigurationPlatforms) = preSolution
		Debug|Any CPU = Debug|Any CPU
		Debug|x64 = Debug|x64
		Debug|x86 = Debug|x86
		Release|Any CPU = Release|Any CPU
		Release|x64 = Release|x64
		Release|x86 = Release|x86
	EndGlobalSection
	GlobalSection(ProjectConfigurationPlatforms) = postSolution
		{2ADBF037-6AE0-4C96-A72D-C584297A2ED1}.Debug|x64.ActiveCfg = Debug|Any CPU
		{2ADBF037-6AE0-4C96-A72D-C584297A2ED1}.Debug|x64.Build.0 = Debug|Any CPU
		{2ADBF037-6AE0-4C96-A72D-C584297A2ED1}.Debug|x86.ActiveCfg = Debug|Any CPU
		{2ADBF037-6AE0-4C96-A72D-C584297A2ED1}.Debug|x86.Build.0 = Debug|Any CPU
		{2ADBF037-6AE0-4C96-A72D-C584297A2ED1}.Debug|Any CPU.ActiveCfg = Debug|Any CPU
		{2ADBF037-6AE0-4C96-A72D-C584297A2ED1}.Debug|Any CPU.Build.0 = Debug|Any CPU
		{2ADBF037-6AE0-4C96-A72D-C584297A2ED1}.Release|x64.ActiveCfg = Release|Any CPU
		{2ADBF037-6AE0-4C96-A72D-C584297A2ED1}.Release|x64.Build.0 = Release|Any CPU
		{2ADBF037-6AE0-4C96-A72D-C584297A2ED1}.Release|x86.ActiveCfg = Release|Any CPU
		{2ADBF037-6AE0-4C96-A72D-C584297A2ED1}.Release|x86.Build.0 = Release|Any CPU
		{2ADBF037-6AE0-4C96-A72D-C584297A2ED1}.Release|Any CPU.ActiveCfg = Release|Any CPU
		{2ADBF037-6AE0-4C96-A72D-C584297A2ED1}.Release|Any CPU.Build.0 = Release|Any CPU
		{AA3D6003-23B3-43E0-A17B-9C6A112719E8}.Debug|x64.ActiveCfg = Debug|Any CPU
		{AA3D6003-23B3-43E0-A17B-9C6A112719E8}.Debug|x64.Build.0 = Debug|Any CPU
		{AA3D6003-23B3-43E0-A17B-9C6A112719E8}.Debug|x86.ActiveCfg = Debug|Any CPU
		{AA3D6003-23B3-43E0-A17B-9C6A112719E8}.Debug|x86.Build.0 = Debug|Any CPU
		{AA3D6003-23B3-43E0-A17B-9C6A112719E8}.Release|x64.ActiveCfg = Release|Any CPU
		{AA3D6003-23B3-43E0-A17B-9C6A112719E8}.Release|x64.Build.0 = Release|Any CPU
		{AA3D6003-23B3-43E0-A17B-9C6A112719E8}.Release|x86.ActiveCfg = Release|Any CPU
		{AA3D6003-23B3-43E0-A17B-9C6A112719E8}.Release|x86.Build.0 = Release|Any CPU
		{AA3D6003-23B3-43E0-A17B-9C6A112719E8}.Debug|Any CPU.ActiveCfg = Debug|Any CPU
		{AA3D6003-23B3-43E0-A17B-9C6A112719E8}.Debug|Any CPU.Build.0 = Debug|Any CPU
		{AA3D6003-23B3-43E0-A17B-9C6A112719E8}.Release|Any CPU.ActiveCfg = Release|Any CPU
		{AA3D6003-23B3-43E0-A17B-9C6A112719E8}.Release|Any CPU.Build.0 = Release|Any CPU
	EndGlobalSection
EndGlobal
